
Microsoft Visual Studio Solution File, Format Version 12.00
# Visual Studio Version 17
VisualStudioVersion = 17.12.35707.178
MinimumVisualStudioVersion = 10.0.40219.1
Project("{FAE04EC0-301F-11D3-BF4B-00C04F79EFBC}") = "AI.CommentAnalysis", "AI.CommentAnalysis\AI.CommentAnalysis.csproj", "{39BC4A75-D1A3-40CE-B11C-F4FAD0311587}"
EndProject
Project("{FAE04EC0-301F-11D3-BF4B-00C04F79EFBC}") = "AI.CommentAnalysis.Api", "AI.CommentAnalysis.Api\AI.CommentAnalysis.Api.csproj", "{5E560616-860C-4EC4-AE61-ABEEB93686EB}"
EndProject
Project("{FAE04EC0-301F-11D3-BF4B-00C04F79EFBC}") = "AI.CommentAnalysis.Console", "AI.CommentAnalysis.Console\AI.CommentAnalysis.Console.csproj", "{FC9F9F2D-9539-48F6-B4C7-C6FC58BDCC5A}"
EndProject
Global
	GlobalSection(SolutionConfigurationPlatforms) = preSolution
		Debug|Any CPU = Debug|Any CPU
		Release|Any CPU = Release|Any CPU
	EndGlobalSection
	GlobalSection(ProjectConfigurationPlatforms) = postSolution
		{39BC4A75-D1A3-40CE-B11C-F4FAD0311587}.Debug|Any CPU.ActiveCfg = Debug|Any CPU
		{39BC4A75-D1A3-40CE-B11C-F4FAD0311587}.Debug|Any CPU.Build.0 = Debug|Any CPU
		{39BC4A75-D1A3-40CE-B11C-F4FAD0311587}.Release|Any CPU.ActiveCfg = Release|Any CPU
		{39BC4A75-D1A3-40CE-B11C-F4FAD0311587}.Release|Any CPU.Build.0 = Release|Any CPU
		{5E560616-860C-4EC4-AE61-ABEEB93686EB}.Debug|Any CPU.ActiveCfg = Debug|Any CPU
		{5E560616-860C-4EC4-AE61-ABEEB93686EB}.Debug|Any CPU.Build.0 = Debug|Any CPU
		{5E560616-860C-4EC4-AE61-ABEEB93686EB}.Release|Any CPU.ActiveCfg = Release|Any CPU
		{5E560616-860C-4EC4-AE61-ABEEB93686EB}.Release|Any CPU.Build.0 = Release|Any CPU
		{FC9F9F2D-9539-48F6-B4C7-C6FC58BDCC5A}.Debug|Any CPU.ActiveCfg = Debug|Any CPU
		{FC9F9F2D-9539-48F6-B4C7-C6FC58BDCC5A}.Debug|Any CPU.Build.0 = Debug|Any CPU
		{FC9F9F2D-9539-48F6-B4C7-C6FC58BDCC5A}.Release|Any CPU.ActiveCfg = Release|Any CPU
		{FC9F9F2D-9539-48F6-B4C7-C6FC58BDCC5A}.Release|Any CPU.Build.0 = Release|Any CPU
	EndGlobalSection
	GlobalSection(SolutionProperties) = preSolution
		HideSolutionNode = FALSE
	EndGlobalSection
EndGlobal
